
Microsoft Visual Studio Solution File, Format Version 11.00
# Visual Studio 2010
Project("{FAE04EC0-301F-11D3-BF4B-00C04F79EFBC}") = "Assembly-CSharp", "Assembly-CSharp.csproj", "{9111C661-84F1-AD3B-351D-0232C766C64B}"
EndProject
Project("{FAE04EC0-301F-11D3-BF4B-00C04F79EFBC}") = "Assembly-CSharp-Editor", "Assembly-CSharp-Editor.csproj", "{CE541565-DD9A-41F3-03FC-0F5C0B19BC6C}"
EndProject
Global
	GlobalSection(SolutionConfigurationPlatforms) = preSolution
		Debug|Any CPU = Debug|Any CPU
		Release|Any CPU = Release|Any CPU
	EndGlobalSection
	GlobalSection(ProjectConfigurationPlatforms) = postSolution
		{9111C661-84F1-AD3B-351D-0232C766C64B}.Debug|Any CPU.ActiveCfg = Debug|Any CPU
		{9111C661-84F1-AD3B-351D-0232C766C64B}.Debug|Any CPU.Build.0 = Debug|Any CPU
		{9111C661-84F1-AD3B-351D-0232C766C64B}.Release|Any CPU.ActiveCfg = Release|Any CPU
		{9111C661-84F1-AD3B-351D-0232C766C64B}.Release|Any CPU.Build.0 = Release|Any CPU
		{CE541565-DD9A-41F3-03FC-0F5C0B19BC6C}.Debug|Any CPU.ActiveCfg = Debug|Any CPU
		{CE541565-DD9A-41F3-03FC-0F5C0B19BC6C}.Debug|Any CPU.Build.0 = Debug|Any CPU
		{CE541565-DD9A-41F3-03FC-0F5C0B19BC6C}.Release|Any CPU.ActiveCfg = Release|Any CPU
		{CE541565-DD9A-41F3-03FC-0F5C0B19BC6C}.Release|Any CPU.Build.0 = Release|Any CPU
	EndGlobalSection
	GlobalSection(SolutionProperties) = preSolution
		HideSolutionNode = FALSE
	EndGlobalSection
EndGlobal
